# This file is autogenerated, do not edit; changes may be undone by the next 'dep ensure'.


[[projects]]
  digest = "1:85cbb4069b9be729821aff9110c0cb9dec8f1fa7088e7a5a0c403c85dda45923"
  name = "github.com/naturali/mgo"
  packages = [
    ".",
    "bson",
    "internal/json",
    "internal/sasl",
    "internal/scram",
  ]
  pruneopts = "UT"
  revision = "b9bf1792e080db90bed8f34c58301a5cef93cf10"
  source = "https://github.com/naturali/mgo.git"

[solve-meta]
  analyzer-name = "dep"
  analyzer-version = 1
  input-imports = ["github.com/naturali/mgo"]
  solver-name = "gps-cdcl"
  solver-version = 1
